
Microsoft Visual Studio Solution File, Format Version 12.00
# Visual Studio Version 16
VisualStudioVersion = 16.0.28803.202
MinimumVisualStudioVersion = 10.0.40219.1
Project("{FAE04EC0-301F-11D3-BF4B-00C04F79EFBC}") = "WindowsFormsApp6", "WindowsFormsApp6.csproj", "{3DC6E44D-D08A-4E88-ABB1-A6D1254AA4ED}"
EndProject
Global
	GlobalSection(SolutionConfigurationPlatforms) = preSolution
		Debug|Any CPU = Debug|Any CPU
		Release|Any CPU = Release|Any CPU
	EndGlobalSection
	GlobalSection(ProjectConfigurationPlatforms) = postSolution
		{3DC6E44D-D08A-4E88-ABB1-A6D1254AA4ED}.Debug|Any CPU.ActiveCfg = Debug|Any CPU
		{3DC6E44D-D08A-4E88-ABB1-A6D1254AA4ED}.Debug|Any CPU.Build.0 = Debug|Any CPU
		{3DC6E44D-D08A-4E88-ABB1-A6D1254AA4ED}.Release|Any CPU.ActiveCfg = Release|Any CPU
		{3DC6E44D-D08A-4E88-ABB1-A6D1254AA4ED}.Release|Any CPU.Build.0 = Release|Any CPU
	EndGlobalSection
	GlobalSection(SolutionProperties) = preSolution
		HideSolutionNode = FALSE
	EndGlobalSection
	GlobalSection(ExtensibilityGlobals) = postSolution
		SolutionGuid = {90A481C3-4323-483B-8C7D-3DB2CDA4B3FB}
	EndGlobalSection
EndGlobal
